
Microsoft Visual Studio Solution File, Format Version 12.00
# Visual Studio 15
VisualStudioVersion = 15.0.27428.2037
MinimumVisualStudioVersion = 10.0.40219.1
Project("{FAE04EC0-301F-11D3-BF4B-00C04F79EFBC}") = "RabbitPRCServer", "RabbitPRC\RabbitPRCServer.csproj", "{B199CBD5-DDEC-41B6-A2EF-EFBBC2E851FE}"
EndProject
Project("{FAE04EC0-301F-11D3-BF4B-00C04F79EFBC}") = "Tests", "Tests\Tests.csproj", "{61FDC7C1-5F43-49C8-BB77-2BDD438EA822}"
EndProject
Global
	GlobalSection(SolutionConfigurationPlatforms) = preSolution
		Debug|Any CPU = Debug|Any CPU
		Release|Any CPU = Release|Any CPU
	EndGlobalSection
	GlobalSection(ProjectConfigurationPlatforms) = postSolution
		{B199CBD5-DDEC-41B6-A2EF-EFBBC2E851FE}.Debug|Any CPU.ActiveCfg = Debug|Any CPU
		{B199CBD5-DDEC-41B6-A2EF-EFBBC2E851FE}.Debug|Any CPU.Build.0 = Debug|Any CPU
		{B199CBD5-DDEC-41B6-A2EF-EFBBC2E851FE}.Release|Any CPU.ActiveCfg = Release|Any CPU
		{B199CBD5-DDEC-41B6-A2EF-EFBBC2E851FE}.Release|Any CPU.Build.0 = Release|Any CPU
		{61FDC7C1-5F43-49C8-BB77-2BDD438EA822}.Debug|Any CPU.ActiveCfg = Debug|Any CPU
		{61FDC7C1-5F43-49C8-BB77-2BDD438EA822}.Debug|Any CPU.Build.0 = Debug|Any CPU
		{61FDC7C1-5F43-49C8-BB77-2BDD438EA822}.Release|Any CPU.ActiveCfg = Release|Any CPU
		{61FDC7C1-5F43-49C8-BB77-2BDD438EA822}.Release|Any CPU.Build.0 = Release|Any CPU
	EndGlobalSection
	GlobalSection(SolutionProperties) = preSolution
		HideSolutionNode = FALSE
	EndGlobalSection
	GlobalSection(ExtensibilityGlobals) = postSolution
		SolutionGuid = {80CB09EC-8863-4B15-A709-0FE9D2216172}
	EndGlobalSection
EndGlobal
